
Microsoft Visual Studio Solution File, Format Version 12.00
# Visual Studio Version 16
VisualStudioVersion = 16.0.808.5
MinimumVisualStudioVersion = 10.0.40219.1
Project("{FAE04EC0-301F-11D3-BF4B-00C04F79EFBC}") = "dotnetprogramming", "dotnetprogramming.csproj", "{EFF20ADA-5263-4D7D-8717-49E71DC48AE1}"
EndProject
Global
	GlobalSection(SolutionConfigurationPlatforms) = preSolution
		Debug|Any CPU = Debug|Any CPU
		Release|Any CPU = Release|Any CPU
	EndGlobalSection
	GlobalSection(ProjectConfigurationPlatforms) = postSolution
		{EFF20ADA-5263-4D7D-8717-49E71DC48AE1}.Debug|Any CPU.ActiveCfg = Debug|Any CPU
		{EFF20ADA-5263-4D7D-8717-49E71DC48AE1}.Debug|Any CPU.Build.0 = Debug|Any CPU
		{EFF20ADA-5263-4D7D-8717-49E71DC48AE1}.Release|Any CPU.ActiveCfg = Release|Any CPU
		{EFF20ADA-5263-4D7D-8717-49E71DC48AE1}.Release|Any CPU.Build.0 = Release|Any CPU
	EndGlobalSection
	GlobalSection(SolutionProperties) = preSolution
		HideSolutionNode = FALSE
	EndGlobalSection
	GlobalSection(ExtensibilityGlobals) = postSolution
		SolutionGuid = {5F97C7F2-967C-4399-AF62-AD52D00E7CC7}
	EndGlobalSection
EndGlobal
